
Microsoft Visual Studio Solution File, Format Version 12.00
# Visual Studio Version 17
VisualStudioVersion = 17.8.34330.188
MinimumVisualStudioVersion = 10.0.40219.1
Project("{FAE04EC0-301F-11D3-BF4B-00C04F79EFBC}") = "TCP.ScreenShots", "TCP.ScreenShots\TCP.ScreenShots.csproj", "{4C93AA22-E305-40FD-893D-B23CCCA88EEA}"
EndProject
Project("{FAE04EC0-301F-11D3-BF4B-00C04F79EFBC}") = "Client", "Client\Client.csproj", "{2E556C2B-4EFE-4608-AF4E-FF5A9B8FE9EA}"
EndProject
Global
	GlobalSection(SolutionConfigurationPlatforms) = preSolution
		Debug|Any CPU = Debug|Any CPU
		Release|Any CPU = Release|Any CPU
	EndGlobalSection
	GlobalSection(ProjectConfigurationPlatforms) = postSolution
		{4C93AA22-E305-40FD-893D-B23CCCA88EEA}.Debug|Any CPU.ActiveCfg = Debug|Any CPU
		{4C93AA22-E305-40FD-893D-B23CCCA88EEA}.Debug|Any CPU.Build.0 = Debug|Any CPU
		{4C93AA22-E305-40FD-893D-B23CCCA88EEA}.Release|Any CPU.ActiveCfg = Release|Any CPU
		{4C93AA22-E305-40FD-893D-B23CCCA88EEA}.Release|Any CPU.Build.0 = Release|Any CPU
		{2E556C2B-4EFE-4608-AF4E-FF5A9B8FE9EA}.Debug|Any CPU.ActiveCfg = Debug|Any CPU
		{2E556C2B-4EFE-4608-AF4E-FF5A9B8FE9EA}.Debug|Any CPU.Build.0 = Debug|Any CPU
		{2E556C2B-4EFE-4608-AF4E-FF5A9B8FE9EA}.Release|Any CPU.ActiveCfg = Release|Any CPU
		{2E556C2B-4EFE-4608-AF4E-FF5A9B8FE9EA}.Release|Any CPU.Build.0 = Release|Any CPU
	EndGlobalSection
	GlobalSection(SolutionProperties) = preSolution
		HideSolutionNode = FALSE
	EndGlobalSection
	GlobalSection(ExtensibilityGlobals) = postSolution
		SolutionGuid = {AFDF1E49-D434-4295-BC83-071505ADAA0E}
	EndGlobalSection
EndGlobal
